
Microsoft Visual Studio Solution File, Format Version 12.00
# Visual Studio Version 17
VisualStudioVersion = 17.6.33829.357
MinimumVisualStudioVersion = 10.0.40219.1
Project("{FAE04EC0-301F-11D3-BF4B-00C04F79EFBC}") = "Todo", "Todo\Todo.csproj", "{442C0E28-B0B9-4CE1-A392-D74128A11005}"
EndProject
Global
	GlobalSection(SolutionConfigurationPlatforms) = preSolution
		Debug|Any CPU = Debug|Any CPU
		Release|Any CPU = Release|Any CPU
	EndGlobalSection
	GlobalSection(ProjectConfigurationPlatforms) = postSolution
		{442C0E28-B0B9-4CE1-A392-D74128A11005}.Debug|Any CPU.ActiveCfg = Debug|Any CPU
		{442C0E28-B0B9-4CE1-A392-D74128A11005}.Debug|Any CPU.Build.0 = Debug|Any CPU
		{442C0E28-B0B9-4CE1-A392-D74128A11005}.Release|Any CPU.ActiveCfg = Release|Any CPU
		{442C0E28-B0B9-4CE1-A392-D74128A11005}.Release|Any CPU.Build.0 = Release|Any CPU
	EndGlobalSection
	GlobalSection(SolutionProperties) = preSolution
		HideSolutionNode = FALSE
	EndGlobalSection
	GlobalSection(ExtensibilityGlobals) = postSolution
		SolutionGuid = {20BE7733-0EFF-41A6-97AB-A8FDB83D9A39}
	EndGlobalSection
EndGlobal
